
Microsoft Visual Studio Solution File, Format Version 12.00
# Visual Studio Version 16
VisualStudioVersion = 16.0.29123.88
MinimumVisualStudioVersion = 10.0.40219.1
Project("{FAE04EC0-301F-11D3-BF4B-00C04F79EFBC}") = "DictionaryKey", "DictionaryKey\DictionaryKey.csproj", "{B52B0C31-2113-49F8-AB81-DD494FF71DE8}"
EndProject
Global
	GlobalSection(SolutionConfigurationPlatforms) = preSolution
		Debug|Any CPU = Debug|Any CPU
		Release|Any CPU = Release|Any CPU
	EndGlobalSection
	GlobalSection(ProjectConfigurationPlatforms) = postSolution
		{B52B0C31-2113-49F8-AB81-DD494FF71DE8}.Debug|Any CPU.ActiveCfg = Debug|Any CPU
		{B52B0C31-2113-49F8-AB81-DD494FF71DE8}.Debug|Any CPU.Build.0 = Debug|Any CPU
		{B52B0C31-2113-49F8-AB81-DD494FF71DE8}.Release|Any CPU.ActiveCfg = Release|Any CPU
		{B52B0C31-2113-49F8-AB81-DD494FF71DE8}.Release|Any CPU.Build.0 = Release|Any CPU
	EndGlobalSection
	GlobalSection(SolutionProperties) = preSolution
		HideSolutionNode = FALSE
	EndGlobalSection
	GlobalSection(ExtensibilityGlobals) = postSolution
		SolutionGuid = {57EB3AAA-9F12-469A-9A3B-E8E64D62DB5D}
	EndGlobalSection
EndGlobal
